// !$*UTF8*$!
{
	archiveVersion = 1;
	classes = {
	};
	objectVersion = 46;
	objects = {

/* Begin PBXBuildFile section */
		A28A06ED1B9F822C00751000 /* LocationViewController.m in Sources */ = {isa = PBXBuildFile; fileRef = A28A06EC1B9F822C00751000 /* LocationViewController.m */; };
		A2E17DE51B99FD9200962213 /* main.m in Sources */ = {isa = PBXBuildFile; fileRef = A2E17DE41B99FD9200962213 /* main.m */; };
		A2E17DE81B99FD9200962213 /* AppDelegate.m in Sources */ = {isa = PBXBuildFile; fileRef = A2E17DE71B99FD9200962213 /* AppDelegate.m */; };
		A2E17DEB1B99FD9200962213 /* LoginViewController.m in Sources */ = {isa = PBXBuildFile; fileRef = A2E17DEA1B99FD9200962213 /* LoginViewController.m */; };
		A2E17DEE1B99FD9200962213 /* Main.storyboard in Resources */ = {isa = PBXBuildFile; fileRef = A2E17DEC1B99FD9200962213 /* Main.storyboard */; };
		A2E17DF01B99FD9200962213 /* Images.xcassets in Resources */ = {isa = PBXBuildFile; fileRef = A2E17DEF1B99FD9200962213 /* Images.xcassets */; };
		A2E17DF31B99FD9200962213 /* LaunchScreen.xib in Resources */ = {isa = PBXBuildFile; fileRef = A2E17DF11B99FD9200962213 /* LaunchScreen.xib */; };
		A2E17DFF1B99FD9200962213 /* WhatsTweetingNowTests.m in Sources */ = {isa = PBXBuildFile; fileRef = A2E17DFE1B99FD9200962213 /* WhatsTweetingNowTests.m */; };
		A2E17E0D1B99FE4000962213 /* Fabric.framework in Frameworks */ = {isa = PBXBuildFile; fileRef = A2E17E091B99FE4000962213 /* Fabric.framework */; };
		A2E17E0E1B99FE4000962213 /* TwitterKit.framework in Frameworks */ = {isa = PBXBuildFile; fileRef = A2E17E0A1B99FE4000962213 /* TwitterKit.framework */; };
		A2E17E0F1B99FE4000962213 /* TwitterKitResources.bundle in Resources */ = {isa = PBXBuildFile; fileRef = A2E17E0B1B99FE4000962213 /* TwitterKitResources.bundle */; };
		A2E17E101B99FE4000962213 /* TwitterCore.framework in Frameworks */ = {isa = PBXBuildFile; fileRef = A2E17E0C1B99FE4000962213 /* TwitterCore.framework */; };
		A2E17E151B9A2C0600962213 /* TrendingTableViewController.m in Sources */ = {isa = PBXBuildFile; fileRef = A2E17E141B9A2C0600962213 /* TrendingTableViewController.m */; };
		A2E17E191B9A435F00962213 /* SMXMLDocument.m in Sources */ = {isa = PBXBuildFile; fileRef = A2E17E171B9A435F00962213 /* SMXMLDocument.m */; };
		A2E17E1A1B9A435F00962213 /* SMXMLDocument.podspec in Resources */ = {isa = PBXBuildFile; fileRef = A2E17E181B9A435F00962213 /* SMXMLDocument.podspec */; };
		A2E17E1D1B9F350400962213 /* Trend.m in Sources */ = {isa = PBXBuildFile; fileRef = A2E17E1C1B9F350400962213 /* Trend.m */; };
/* End PBXBuildFile section */

/* Begin PBXContainerItemProxy section */
		A2E17DF91B99FD9200962213 /* PBXContainerItemProxy */ = {
			isa = PBXContainerItemProxy;
			containerPortal = A2E17DD71B99FD9200962213 /* Project object */;
			proxyType = 1;
			remoteGlobalIDString = A2E17DDE1B99FD9200962213;
			remoteInfo = WhatsTweetingNow;
		};
/* End PBXContainerItemProxy section */

/* Begin PBXFileReference section */
		A28A06EB1B9F822C00751000 /* LocationViewController.h */ = {isa = PBXFileReference; fileEncoding = 4; lastKnownFileType = sourcecode.c.h; path = LocationViewController.h; sourceTree = "<group>"; };
		A28A06EC1B9F822C00751000 /* LocationViewController.m */ = {isa = PBXFileReference; fileEncoding = 4; lastKnownFileType = sourcecode.c.objc; path = LocationViewController.m; sourceTree = "<group>"; };
		A2E17DDF1B99FD9200962213 /* WhatsTweetingNow.app */ = {isa = PBXFileReference; explicitFileType = wrapper.application; includeInIndex = 0; path = WhatsTweetingNow.app; sourceTree = BUILT_PRODUCTS_DIR; };
		A2E17DE31B99FD9200962213 /* Info.plist */ = {isa = PBXFileReference; lastKnownFileType = text.plist.xml; path = Info.plist; sourceTree = "<group>"; };
		A2E17DE41B99FD9200962213 /* main.m */ = {isa = PBXFileReference; lastKnownFileType = sourcecode.c.objc; path = main.m; sourceTree = "<group>"; };
		A2E17DE61B99FD9200962213 /* AppDelegate.h */ = {isa = PBXFileReference; lastKnownFileType = sourcecode.c.h; path = AppDelegate.h; sourceTree = "<group>"; };
		A2E17DE71B99FD9200962213 /* AppDelegate.m */ = {isa = PBXFileReference; lastKnownFileType = sourcecode.c.objc; path = AppDelegate.m; sourceTree = "<group>"; };
		A2E17DE91B99FD9200962213 /* LoginViewController.h */ = {isa = PBXFileReference; lastKnownFileType = sourcecode.c.h; path = LoginViewController.h; sourceTree = "<group>"; };
		A2E17DEA1B99FD9200962213 /* LoginViewController.m */ = {isa = PBXFileReference; lastKnownFileType = sourcecode.c.objc; path = LoginViewController.m; sourceTree = "<group>"; };
		A2E17DED1B99FD9200962213 /* Base */ = {isa = PBXFileReference; lastKnownFileType = file.storyboard; name = Base; path = Base.lproj/Main.storyboard; sourceTree = "<group>"; };
		A2E17DEF1B99FD9200962213 /* Images.xcassets */ = {isa = PBXFileReference; lastKnownFileType = folder.assetcatalog; path = Images.xcassets; sourceTree = "<group>"; };
		A2E17DF21B99FD9200962213 /* Base */ = {isa = PBXFileReference; lastKnownFileType = file.xib; name = Base; path = Base.lproj/LaunchScreen.xib; sourceTree = "<group>"; };
		A2E17DF81B99FD9200962213 /* WhatsTweetingNowTests.xctest */ = {isa = PBXFileReference; explicitFileType = wrapper.cfbundle; includeInIndex = 0; path = WhatsTweetingNowTests.xctest; sourceTree = BUILT_PRODUCTS_DIR; };
		A2E17DFD1B99FD9200962213 /* Info.plist */ = {isa = PBXFileReference; lastKnownFileType = text.plist.xml; path = Info.plist; sourceTree = "<group>"; };
		A2E17DFE1B99FD9200962213 /* WhatsTweetingNowTests.m */ = {isa = PBXFileReference; lastKnownFileType = sourcecode.c.objc; path = WhatsTweetingNowTests.m; sourceTree = "<group>"; };
		A2E17E091B99FE4000962213 /* Fabric.framework */ = {isa = PBXFileReference; lastKnownFileType = wrapper.framework; path = Fabric.framework; sourceTree = "<group>"; };
		A2E17E0A1B99FE4000962213 /* TwitterKit.framework */ = {isa = PBXFileReference; lastKnownFileType = wrapper.framework; path = TwitterKit.framework; sourceTree = "<group>"; };
		A2E17E0B1B99FE4000962213 /* TwitterKitResources.bundle */ = {isa = PBXFileReference; lastKnownFileType = "wrapper.plug-in"; name = TwitterKitResources.bundle; path = TwitterKit.framework/Versions/A/Resources/TwitterKitResources.bundle; sourceTree = "<group>"; };
		A2E17E0C1B99FE4000962213 /* TwitterCore.framework */ = {isa = PBXFileReference; lastKnownFileType = wrapper.framework; path = TwitterCore.framework; sourceTree = "<group>"; };
		A2E17E131B9A2C0600962213 /* TrendingTableViewController.h */ = {isa = PBXFileReference; fileEncoding = 4; lastKnownFileType = sourcecode.c.h; path = TrendingTableViewController.h; sourceTree = "<group>"; };
		A2E17E141B9A2C0600962213 /* TrendingTableViewController.m */ = {isa = PBXFileReference; fileEncoding = 4; lastKnownFileType = sourcecode.c.objc; path = TrendingTableViewController.m; sourceTree = "<group>"; };
		A2E17E161B9A435F00962213 /* SMXMLDocument.h */ = {isa = PBXFileReference; fileEncoding = 4; lastKnownFileType = sourcecode.c.h; path = SMXMLDocument.h; sourceTree = "<group>"; };
		A2E17E171B9A435F00962213 /* SMXMLDocument.m */ = {isa = PBXFileReference; fileEncoding = 4; lastKnownFileType = sourcecode.c.objc; path = SMXMLDocument.m; sourceTree = "<group>"; };
		A2E17E181B9A435F00962213 /* SMXMLDocument.podspec */ = {isa = PBXFileReference; fileEncoding = 4; lastKnownFileType = text; path = SMXMLDocument.podspec; sourceTree = "<group>"; };
		A2E17E1B1B9F350400962213 /* Trend.h */ = {isa = PBXFileReference; fileEncoding = 4; lastKnownFileType = sourcecode.c.h; path = Trend.h; sourceTree = "<group>"; };
		A2E17E1C1B9F350400962213 /* Trend.m */ = {isa = PBXFileReference; fileEncoding = 4; lastKnownFileType = sourcecode.c.objc; path = Trend.m; sourceTree = "<group>"; };
/* End PBXFileReference section */

/* Begin PBXFrameworksBuildPhase section */
		A2E17DDC1B99FD9200962213 /* Frameworks */ = {
			isa = PBXFrameworksBuildPhase;
			buildActionMask = 2147483647;
			files = (
				A2E17E0D1B99FE4000962213 /* Fabric.framework in Frameworks */,
				A2E17E101B99FE4000962213 /* TwitterCore.framework in Frameworks */,
				A2E17E0E1B99FE4000962213 /* TwitterKit.framework in Frameworks */,
			);
			runOnlyForDeploymentPostprocessing = 0;
		};
		A2E17DF51B99FD9200962213 /* Frameworks */ = {
			isa = PBXFrameworksBuildPhase;
			buildActionMask = 2147483647;
			files = (
			);
			runOnlyForDeploymentPostprocessing = 0;
		};
/* End PBXFrameworksBuildPhase section */

/* Begin PBXGroup section */
		A2E17DD61B99FD9200962213 = {
			isa = PBXGroup;
			children = (
				A2E17E091B99FE4000962213 /* Fabric.framework */,
				A2E17E0A1B99FE4000962213 /* TwitterKit.framework */,
				A2E17E0B1B99FE4000962213 /* TwitterKitResources.bundle */,
				A2E17E0C1B99FE4000962213 /* TwitterCore.framework */,
				A2E17DE11B99FD9200962213 /* WhatsTweetingNow */,
				A2E17DFB1B99FD9200962213 /* WhatsTweetingNowTests */,
				A2E17DE01B99FD9200962213 /* Products */,
			);
			sourceTree = "<group>";
		};
		A2E17DE01B99FD9200962213 /* Products */ = {
			isa = PBXGroup;
			children = (
				A2E17DDF1B99FD9200962213 /* WhatsTweetingNow.app */,
				A2E17DF81B99FD9200962213 /* WhatsTweetingNowTests.xctest */,
			);
			name = Products;
			sourceTree = "<group>";
		};
		A2E17DE11B99FD9200962213 /* WhatsTweetingNow */ = {
			isa = PBXGroup;
			children = (
				A2E17E161B9A435F00962213 /* SMXMLDocument.h */,
				A2E17E171B9A435F00962213 /* SMXMLDocument.m */,
				A2E17E181B9A435F00962213 /* SMXMLDocument.podspec */,
				A2E17DE61B99FD9200962213 /* AppDelegate.h */,
				A2E17DE71B99FD9200962213 /* AppDelegate.m */,
				A2E17DE91B99FD9200962213 /* LoginViewController.h */,
				A2E17DEA1B99FD9200962213 /* LoginViewController.m */,
				A2E17DEC1B99FD9200962213 /* Main.storyboard */,
				A2E17E131B9A2C0600962213 /* TrendingTableViewController.h */,
				A2E17E141B9A2C0600962213 /* TrendingTableViewController.m */,
				A28A06EB1B9F822C00751000 /* LocationViewController.h */,
				A28A06EC1B9F822C00751000 /* LocationViewController.m */,
				A2E17DEF1B99FD9200962213 /* Images.xcassets */,
				A2E17DF11B99FD9200962213 /* LaunchScreen.xib */,
				A2E17E1B1B9F350400962213 /* Trend.h */,
				A2E17E1C1B9F350400962213 /* Trend.m */,
				A2E17DE21B99FD9200962213 /* Supporting Files */,
			);
			path = WhatsTweetingNow;
			sourceTree = "<group>";
		};
		A2E17DE21B99FD9200962213 /* Supporting Files */ = {
			isa = PBXGroup;
			children = (
				A2E17DE31B99FD9200962213 /* Info.plist */,
				A2E17DE41B99FD9200962213 /* main.m */,
			);
			name = "Supporting Files";
			sourceTree = "<group>";
		};
		A2E17DFB1B99FD9200962213 /* WhatsTweetingNowTests */ = {
			isa = PBXGroup;
			children = (
				A2E17DFE1B99FD9200962213 /* WhatsTweetingNowTests.m */,
				A2E17DFC1B99FD9200962213 /* Supporting Files */,
			);
			path = WhatsTweetingNowTests;
			sourceTree = "<group>";
		};
		A2E17DFC1B99FD9200962213 /* Supporting Files */ = {
			isa = PBXGroup;
			children = (
				A2E17DFD1B99FD9200962213 /* Info.plist */,
			);
			name = "Supporting Files";
			sourceTree = "<group>";
		};
/* End PBXGroup section */

/* Begin PBXNativeTarget section */
		A2E17DDE1B99FD9200962213 /* WhatsTweetingNow */ = {
			isa = PBXNativeTarget;
			buildConfigurationList = A2E17E021B99FD9200962213 /* Build configuration list for PBXNativeTarget "WhatsTweetingNow" */;
			buildPhases = (
				A2E17DDB1B99FD9200962213 /* Sources */,
				A2E17DDC1B99FD9200962213 /* Frameworks */,
				A2E17DDD1B99FD9200962213 /* Resources */,
				A2E17E081B99FDFF00962213 /* ShellScript */,
				A2E17E111B9A091300962213 /* ShellScript */,
			);
			buildRules = (
			);
			dependencies = (
			);
			name = WhatsTweetingNow;
			productName = WhatsTweetingNow;
			productReference = A2E17DDF1B99FD9200962213 /* WhatsTweetingNow.app */;
			productType = "com.apple.product-type.application";
		};
		A2E17DF71B99FD9200962213 /* WhatsTweetingNowTests */ = {
			isa = PBXNativeTarget;
			buildConfigurationList = A2E17E051B99FD9200962213 /* Build configuration list for PBXNativeTarget "WhatsTweetingNowTests" */;
			buildPhases = (
				A2E17DF41B99FD9200962213 /* Sources */,
				A2E17DF51B99FD9200962213 /* Frameworks */,
				A2E17DF61B99FD9200962213 /* Resources */,
			);
			buildRules = (
			);
			dependencies = (
				A2E17DFA1B99FD9200962213 /* PBXTargetDependency */,
			);
			name = WhatsTweetingNowTests;
			productName = WhatsTweetingNowTests;
			productReference = A2E17DF81B99FD9200962213 /* WhatsTweetingNowTests.xctest */;
			productType = "com.apple.product-type.bundle.unit-test";
		};
/* End PBXNativeTarget section */

/* Begin PBXProject section */
		A2E17DD71B99FD9200962213 /* Project object */ = {
			isa = PBXProject;
			attributes = {
				LastUpgradeCheck = 0640;
				ORGANIZATIONNAME = Optaros;
				TargetAttributes = {
					A2E17DDE1B99FD9200962213 = {
						CreatedOnToolsVersion = 6.4;
					};
					A2E17DF71B99FD9200962213 = {
						CreatedOnToolsVersion = 6.4;
						TestTargetID = A2E17DDE1B99FD9200962213;
					};
				};
			};
			buildConfigurationList = A2E17DDA1B99FD9200962213 /* Build configuration list for PBXProject "WhatsTweetingNow" */;
			compatibilityVersion = "Xcode 3.2";
			developmentRegion = English;
			hasScannedForEncodings = 0;
			knownRegions = (
				en,
				Base,
			);
			mainGroup = A2E17DD61B99FD9200962213;
			productRefGroup = A2E17DE01B99FD9200962213 /* Products */;
			projectDirPath = "";
			projectRoot = "";
			targets = (
				A2E17DDE1B99FD9200962213 /* WhatsTweetingNow */,
				A2E17DF71B99FD9200962213 /* WhatsTweetingNowTests */,
			);
		};
/* End PBXProject section */

/* Begin PBXResourcesBuildPhase section */
		A2E17DDD1B99FD9200962213 /* Resources */ = {
			isa = PBXResourcesBuildPhase;
			buildActionMask = 2147483647;
			files = (
				A2E17E1A1B9A435F00962213 /* SMXMLDocument.podspec in Resources */,
				A2E17E0F1B99FE4000962213 /* TwitterKitResources.bundle in Resources */,
				A2E17DEE1B99FD9200962213 /* Main.storyboard in Resources */,
				A2E17DF31B99FD9200962213 /* LaunchScreen.xib in Resources */,
				A2E17DF01B99FD9200962213 /* Images.xcassets in Resources */,
			);
			runOnlyForDeploymentPostprocessing = 0;
		};
		A2E17DF61B99FD9200962213 /* Resources */ = {
			isa = PBXResourcesBuildPhase;
			buildActionMask = 2147483647;
			files = (
			);
			runOnlyForDeploymentPostprocessing = 0;
		};
/* End PBXResourcesBuildPhase section */

/* Begin PBXShellScriptBuildPhase section */
		A2E17E081B99FDFF00962213 /* ShellScript */ = {
			isa = PBXShellScriptBuildPhase;
			buildActionMask = 2147483647;
			files = (
			);
			inputPaths = (
			);
			outputPaths = (
			);
			runOnlyForDeploymentPostprocessing = 0;
			shellPath = /bin/sh;
			shellScript = "./Fabric.framework/run 01dde5067697dd07f4386afece2b69ee4c7d196a d4f6669ca43f4f9a20f9bf367f785817ebdebf460a30a6aa505a7a4287313476";
		};
		A2E17E111B9A091300962213 /* ShellScript */ = {
			isa = PBXShellScriptBuildPhase;
			buildActionMask = 2147483647;
			files = (
			);
			inputPaths = (
			);
			outputPaths = (
			);
			runOnlyForDeploymentPostprocessing = 0;
			shellPath = /bin/sh;
			shellScript = "";
		};
/* End PBXShellScriptBuildPhase section */

/* Begin PBXSourcesBuildPhase section */
		A2E17DDB1B99FD9200962213 /* Sources */ = {
			isa = PBXSourcesBuildPhase;
			buildActionMask = 2147483647;
			files = (
				A2E17DEB1B99FD9200962213 /* LoginViewController.m in Sources */,
				A2E17DE81B99FD9200962213 /* AppDelegate.m in Sources */,
				A28A06ED1B9F822C00751000 /* LocationViewController.m in Sources */,
				A2E17E151B9A2C0600962213 /* TrendingTableViewController.m in Sources */,
				A2E17E1D1B9F350400962213 /* Trend.m in Sources */,
				A2E17DE51B99FD9200962213 /* main.m in Sources */,
				A2E17E191B9A435F00962213 /* SMXMLDocument.m in Sources */,
			);
			runOnlyForDeploymentPostprocessing = 0;
		};
		A2E17DF41B99FD9200962213 /* Sources */ = {
			isa = PBXSourcesBuildPhase;
			buildActionMask = 2147483647;
			files = (
				A2E17DFF1B99FD9200962213 /* WhatsTweetingNowTests.m in Sources */,
			);
			runOnlyForDeploymentPostprocessing = 0;
		};
/* End PBXSourcesBuildPhase section */

/* Begin PBXTargetDependency section */
		A2E17DFA1B99FD9200962213 /* PBXTargetDependency */ = {
			isa = PBXTargetDependency;
			target = A2E17DDE1B99FD9200962213 /* WhatsTweetingNow */;
			targetProxy = A2E17DF91B99FD9200962213 /* PBXContainerItemProxy */;
		};
/* End PBXTargetDependency section */

/* Begin PBXVariantGroup section */
		A2E17DEC1B99FD9200962213 /* Main.storyboard */ = {
			isa = PBXVariantGroup;
			children = (
				A2E17DED1B99FD9200962213 /* Base */,
			);
			name = Main.storyboard;
			sourceTree = "<group>";
		};
		A2E17DF11B99FD9200962213 /* LaunchScreen.xib */ = {
			isa = PBXVariantGroup;
			children = (
				A2E17DF21B99FD9200962213 /* Base */,
			);
			name = LaunchScreen.xib;
			sourceTree = "<group>";
		};
/* End PBXVariantGroup section */

/* Begin XCBuildConfiguration section */
		A2E17E001B99FD9200962213 /* Debug */ = {
			isa = XCBuildConfiguration;
			buildSettings = {
				ALWAYS_SEARCH_USER_PATHS = NO;
				CLANG_CXX_LANGUAGE_STANDARD = "gnu++0x";
				CLANG_CXX_LIBRARY = "libc++";
				CLANG_ENABLE_MODULES = YES;
				CLANG_ENABLE_OBJC_ARC = YES;
				CLANG_WARN_BOOL_CONVERSION = YES;
				CLANG_WARN_CONSTANT_CONVERSION = YES;
				CLANG_WARN_DIRECT_OBJC_ISA_USAGE = YES_ERROR;
				CLANG_WARN_EMPTY_BODY = YES;
				CLANG_WARN_ENUM_CONVERSION = YES;
				CLANG_WARN_INT_CONVERSION = YES;
				CLANG_WARN_OBJC_ROOT_CLASS = YES_ERROR;
				CLANG_WARN_UNREACHABLE_CODE = YES;
				CLANG_WARN__DUPLICATE_METHOD_MATCH = YES;
				"CODE_SIGN_IDENTITY[sdk=iphoneos*]" = "iPhone Developer";
				COPY_PHASE_STRIP = NO;
				DEBUG_INFORMATION_FORMAT = "dwarf-with-dsym";
				ENABLE_STRICT_OBJC_MSGSEND = YES;
				GCC_C_LANGUAGE_STANDARD = gnu99;
				GCC_DYNAMIC_NO_PIC = NO;
				GCC_NO_COMMON_BLOCKS = YES;
				GCC_OPTIMIZATION_LEVEL = 0;
				GCC_PREPROCESSOR_DEFINITIONS = (
					"DEBUG=1",
					"$(inherited)",
				);
				GCC_SYMBOLS_PRIVATE_EXTERN = NO;
				GCC_WARN_64_TO_32_BIT_CONVERSION = YES;
				GCC_WARN_ABOUT_RETURN_TYPE = YES_ERROR;
				GCC_WARN_UNDECLARED_SELECTOR = YES;
				GCC_WARN_UNINITIALIZED_AUTOS = YES_AGGRESSIVE;
				GCC_WARN_UNUSED_FUNCTION = YES;
				GCC_WARN_UNUSED_VARIABLE = YES;
				IPHONEOS_DEPLOYMENT_TARGET = 8.4;
				MTL_ENABLE_DEBUG_INFO = YES;
				ONLY_ACTIVE_ARCH = YES;
				SDKROOT = iphoneos;
				TARGETED_DEVICE_FAMILY = "1,2";
			};
			name = Debug;
		};
		A2E17E011B99FD9200962213 /* Release */ = {
			isa = XCBuildConfiguration;
			buildSettings = {
				ALWAYS_SEARCH_USER_PATHS = NO;
				CLANG_CXX_LANGUAGE_STANDARD = "gnu++0x";
				CLANG_CXX_LIBRARY = "libc++";
				CLANG_ENABLE_MODULES = YES;
				CLANG_ENABLE_OBJC_ARC = YES;
				CLANG_WARN_BOOL_CONVERSION = YES;
				CLANG_WARN_CONSTANT_CONVERSION = YES;
				CLANG_WARN_DIRECT_OBJC_ISA_USAGE = YES_ERROR;
				CLANG_WARN_EMPTY_BODY = YES;
				CLANG_WARN_ENUM_CONVERSION = YES;
				CLANG_WARN_INT_CONVERSION = YES;
				CLANG_WARN_OBJC_ROOT_CLASS = YES_ERROR;
				CLANG_WARN_UNREACHABLE_CODE = YES;
				CLANG_WARN__DUPLICATE_METHOD_MATCH = YES;
				"CODE_SIGN_IDENTITY[sdk=iphoneos*]" = "iPhone Developer";
				COPY_PHASE_STRIP = NO;
				DEBUG_INFORMATION_FORMAT = "dwarf-with-dsym";
				ENABLE_NS_ASSERTIONS = NO;
				ENABLE_STRICT_OBJC_MSGSEND = YES;
				GCC_C_LANGUAGE_STANDARD = gnu99;
				GCC_NO_COMMON_BLOCKS = YES;
				GCC_WARN_64_TO_32_BIT_CONVERSION = YES;
				GCC_WARN_ABOUT_RETURN_TYPE = YES_ERROR;
				GCC_WARN_UNDECLARED_SELECTOR = YES;
				GCC_WARN_UNINITIALIZED_AUTOS = YES_AGGRESSIVE;
				GCC_WARN_UNUSED_FUNCTION = YES;
				GCC_WARN_UNUSED_VARIABLE = YES;
				IPHONEOS_DEPLOYMENT_TARGET = 8.4;
				MTL_ENABLE_DEBUG_INFO = NO;
				SDKROOT = iphoneos;
				TARGETED_DEVICE_FAMILY = "1,2";
				VALIDATE_PRODUCT = YES;
			};
			name = Release;
		};
		A2E17E031B99FD9200962213 /* Debug */ = {
			isa = XCBuildConfiguration;
			buildSettings = {
				ASSETCATALOG_COMPILER_LAUNCHIMAGE_NAME = LaunchImage;
				FRAMEWORK_SEARCH_PATHS = (
					"$(inherited)",
					"$(PROJECT_DIR)",
				);
				INFOPLIST_FILE = WhatsTweetingNow/Info.plist;
				LD_RUNPATH_SEARCH_PATHS = "$(inherited) @executable_path/Frameworks";
				PRODUCT_NAME = "$(TARGET_NAME)";
			};
			name = Debug;
		};
		A2E17E041B99FD9200962213 /* Release */ = {
			isa = XCBuildConfiguration;
			buildSettings = {
				ASSETCATALOG_COMPILER_LAUNCHIMAGE_NAME = LaunchImage;
				FRAMEWORK_SEARCH_PATHS = (
					"$(inherited)",
					"$(PROJECT_DIR)",
				);
				INFOPLIST_FILE = WhatsTweetingNow/Info.plist;
				LD_RUNPATH_SEARCH_PATHS = "$(inherited) @executable_path/Frameworks";
				PRODUCT_NAME = "$(TARGET_NAME)";
			};
			name = Release;
		};
		A2E17E061B99FD9200962213 /* Debug */ = {
			isa = XCBuildConfiguration;
			buildSettings = {
				BUNDLE_LOADER = "$(TEST_HOST)";
				FRAMEWORK_SEARCH_PATHS = (
					"$(SDKROOT)/Developer/Library/Frameworks",
					"$(inherited)",
				);
				GCC_PREPROCESSOR_DEFINITIONS = (
					"DEBUG=1",
					"$(inherited)",
				);
				INFOPLIST_FILE = WhatsTweetingNowTests/Info.plist;
				LD_RUNPATH_SEARCH_PATHS = "$(inherited) @executable_path/Frameworks @loader_path/Frameworks";
				PRODUCT_NAME = "$(TARGET_NAME)";
				TEST_HOST = "$(BUILT_PRODUCTS_DIR)/WhatsTweetingNow.app/WhatsTweetingNow";
			};
			name = Debug;
		};
		A2E17E071B99FD9200962213 /* Release */ = {
			isa = XCBuildConfiguration;
			buildSettings = {
				BUNDLE_LOADER = "$(TEST_HOST)";
				FRAMEWORK_SEARCH_PATHS = (
					"$(SDKROOT)/Developer/Library/Frameworks",
					"$(inherited)",
				);
				INFOPLIST_FILE = WhatsTweetingNowTests/Info.plist;
				LD_RUNPATH_SEARCH_PATHS = "$(inherited) @executable_path/Frameworks @loader_path/Frameworks";
				PRODUCT_NAME = "$(TARGET_NAME)";
				TEST_HOST = "$(BUILT_PRODUCTS_DIR)/WhatsTweetingNow.app/WhatsTweetingNow";
			};
			name = Release;
		};
/* End XCBuildConfiguration section */

/* Begin XCConfigurationList section */
		A2E17DDA1B99FD9200962213 /* Build configuration list for PBXProject "WhatsTweetingNow" */ = {
			isa = XCConfigurationList;
			buildConfigurations = (
				A2E17E001B99FD9200962213 /* Debug */,
				A2E17E011B99FD9200962213 /* Release */,
			);
			defaultConfigurationIsVisible = 0;
			defaultConfigurationName = Release;
		};
		A2E17E021B99FD9200962213 /* Build configuration list for PBXNativeTarget "WhatsTweetingNow" */ = {
			isa = XCConfigurationList;
			buildConfigurations = (
				A2E17E031B99FD9200962213 /* Debug */,
				A2E17E041B99FD9200962213 /* Release */,
			);
			defaultConfigurationIsVisible = 0;
			defaultConfigurationName = Release;
		};
		A2E17E051B99FD9200962213 /* Build configuration list for PBXNativeTarget "WhatsTweetingNowTests" */ = {
			isa = XCConfigurationList;
			buildConfigurations = (
				A2E17E061B99FD9200962213 /* Debug */,
				A2E17E071B99FD9200962213 /* Release */,
			);
			defaultConfigurationIsVisible = 0;
			defaultConfigurationName = Release;
		};
/* End XCConfigurationList section */
	};
	rootObject = A2E17DD71B99FD9200962213 /* Project object */;
}
